
Microsoft Visual Studio Solution File, Format Version 12.00
# Visual Studio Version 17
VisualStudioVersion = 17.8.34525.116
MinimumVisualStudioVersion = 10.0.40219.1
Project("{2150E333-8FDC-42A3-9474-1A3956D46DE8}") = "Services", "Services", "{09C0A450-4EC9-4DCD-911A-16F03E8D5E80}"
EndProject
Project("{2150E333-8FDC-42A3-9474-1A3956D46DE8}") = "Catalog", "Catalog", "{EDCE844A-E8A8-4498-BCC0-3CAB4B35C12E}"
EndProject
Project("{9A19103F-16F7-4668-BE54-9A1E7A4F7556}") = "MultiShop.Catalog", "Services\Catalog\MultiShop.Catalog\MultiShop.Catalog.csproj", "{FA94C85F-88CB-416F-8354-EFDDB057D20E}"
EndProject
Project("{2150E333-8FDC-42A3-9474-1A3956D46DE8}") = "Discount", "Discount", "{D28B478F-1FD1-45C0-A09C-743EDC90A0BD}"
EndProject
Project("{9A19103F-16F7-4668-BE54-9A1E7A4F7556}") = "MultiShop.Discount", "Services\Discount\MultiShop.Discount\MultiShop.Discount.csproj", "{B840E765-2345-49CD-B9CB-E51E1D16471A}"
EndProject
Project("{2150E333-8FDC-42A3-9474-1A3956D46DE8}") = "Order", "Order", "{24143833-B6EF-40C0-91A8-B167745BF31E}"
EndProject
Project("{2150E333-8FDC-42A3-9474-1A3956D46DE8}") = "Core", "Core", "{AF9DCACE-4CD1-4C91-B679-31CD1444D670}"
EndProject
Project("{2150E333-8FDC-42A3-9474-1A3956D46DE8}") = "Infrastructure", "Infrastructure", "{19B94B89-5272-4014-A290-B2F725FB962C}"
EndProject
Project("{2150E333-8FDC-42A3-9474-1A3956D46DE8}") = "Presentation", "Presentation", "{7623AEE2-87AD-4EC2-98FC-D56D2BD75F65}"
EndProject
Project("{9A19103F-16F7-4668-BE54-9A1E7A4F7556}") = "MultiShop.Order.Domain", "Services\Order\Core\MultiShop.Order.Domain\MultiShop.Order.Domain.csproj", "{FFB0ECBC-4131-42B5-8965-5CCB262B04A0}"
EndProject
Project("{9A19103F-16F7-4668-BE54-9A1E7A4F7556}") = "MultiShop.Order.Application", "Services\Order\Core\MultiShop.Order.Application\MultiShop.Order.Application.csproj", "{38019954-3B54-4E76-A347-E4CBC7958988}"
EndProject
Project("{9A19103F-16F7-4668-BE54-9A1E7A4F7556}") = "MultiShop.Order.Persistence", "Services\Order\Infrastructure\MultiShop.Order.Persistence\MultiShop.Order.Persistence.csproj", "{7E1D261A-A9E7-4050-AE0B-F654D61B9ACF}"
EndProject
Project("{FAE04EC0-301F-11D3-BF4B-00C04F79EFBC}") = "MultiShop.Order.WebApi", "Services\Order\Presentation\MultiShop.Order.WebApi\MultiShop.Order.WebApi.csproj", "{BCB37814-7C4E-4B85-A424-21BA670DEA8E}"
EndProject
Global
	GlobalSection(SolutionConfigurationPlatforms) = preSolution
		Debug|Any CPU = Debug|Any CPU
		Release|Any CPU = Release|Any CPU
	EndGlobalSection
	GlobalSection(ProjectConfigurationPlatforms) = postSolution
		{FA94C85F-88CB-416F-8354-EFDDB057D20E}.Debug|Any CPU.ActiveCfg = Debug|Any CPU
		{FA94C85F-88CB-416F-8354-EFDDB057D20E}.Debug|Any CPU.Build.0 = Debug|Any CPU
		{FA94C85F-88CB-416F-8354-EFDDB057D20E}.Release|Any CPU.ActiveCfg = Release|Any CPU
		{FA94C85F-88CB-416F-8354-EFDDB057D20E}.Release|Any CPU.Build.0 = Release|Any CPU
		{B840E765-2345-49CD-B9CB-E51E1D16471A}.Debug|Any CPU.ActiveCfg = Debug|Any CPU
		{B840E765-2345-49CD-B9CB-E51E1D16471A}.Debug|Any CPU.Build.0 = Debug|Any CPU
		{B840E765-2345-49CD-B9CB-E51E1D16471A}.Release|Any CPU.ActiveCfg = Release|Any CPU
		{B840E765-2345-49CD-B9CB-E51E1D16471A}.Release|Any CPU.Build.0 = Release|Any CPU
		{FFB0ECBC-4131-42B5-8965-5CCB262B04A0}.Debug|Any CPU.ActiveCfg = Debug|Any CPU
		{FFB0ECBC-4131-42B5-8965-5CCB262B04A0}.Debug|Any CPU.Build.0 = Debug|Any CPU
		{FFB0ECBC-4131-42B5-8965-5CCB262B04A0}.Release|Any CPU.ActiveCfg = Release|Any CPU
		{FFB0ECBC-4131-42B5-8965-5CCB262B04A0}.Release|Any CPU.Build.0 = Release|Any CPU
		{38019954-3B54-4E76-A347-E4CBC7958988}.Debug|Any CPU.ActiveCfg = Debug|Any CPU
		{38019954-3B54-4E76-A347-E4CBC7958988}.Debug|Any CPU.Build.0 = Debug|Any CPU
		{38019954-3B54-4E76-A347-E4CBC7958988}.Release|Any CPU.ActiveCfg = Release|Any CPU
		{38019954-3B54-4E76-A347-E4CBC7958988}.Release|Any CPU.Build.0 = Release|Any CPU
		{7E1D261A-A9E7-4050-AE0B-F654D61B9ACF}.Debug|Any CPU.ActiveCfg = Debug|Any CPU
		{7E1D261A-A9E7-4050-AE0B-F654D61B9ACF}.Debug|Any CPU.Build.0 = Debug|Any CPU
		{7E1D261A-A9E7-4050-AE0B-F654D61B9ACF}.Release|Any CPU.ActiveCfg = Release|Any CPU
		{7E1D261A-A9E7-4050-AE0B-F654D61B9ACF}.Release|Any CPU.Build.0 = Release|Any CPU
		{BCB37814-7C4E-4B85-A424-21BA670DEA8E}.Debug|Any CPU.ActiveCfg = Debug|Any CPU
		{BCB37814-7C4E-4B85-A424-21BA670DEA8E}.Debug|Any CPU.Build.0 = Debug|Any CPU
		{BCB37814-7C4E-4B85-A424-21BA670DEA8E}.Release|Any CPU.ActiveCfg = Release|Any CPU
		{BCB37814-7C4E-4B85-A424-21BA670DEA8E}.Release|Any CPU.Build.0 = Release|Any CPU
	EndGlobalSection
	GlobalSection(SolutionProperties) = preSolution
		HideSolutionNode = FALSE
	EndGlobalSection
	GlobalSection(NestedProjects) = preSolution
		{EDCE844A-E8A8-4498-BCC0-3CAB4B35C12E} = {09C0A450-4EC9-4DCD-911A-16F03E8D5E80}
		{FA94C85F-88CB-416F-8354-EFDDB057D20E} = {EDCE844A-E8A8-4498-BCC0-3CAB4B35C12E}
		{D28B478F-1FD1-45C0-A09C-743EDC90A0BD} = {09C0A450-4EC9-4DCD-911A-16F03E8D5E80}
		{B840E765-2345-49CD-B9CB-E51E1D16471A} = {D28B478F-1FD1-45C0-A09C-743EDC90A0BD}
		{24143833-B6EF-40C0-91A8-B167745BF31E} = {09C0A450-4EC9-4DCD-911A-16F03E8D5E80}
		{AF9DCACE-4CD1-4C91-B679-31CD1444D670} = {24143833-B6EF-40C0-91A8-B167745BF31E}
		{19B94B89-5272-4014-A290-B2F725FB962C} = {24143833-B6EF-40C0-91A8-B167745BF31E}
		{7623AEE2-87AD-4EC2-98FC-D56D2BD75F65} = {24143833-B6EF-40C0-91A8-B167745BF31E}
		{FFB0ECBC-4131-42B5-8965-5CCB262B04A0} = {AF9DCACE-4CD1-4C91-B679-31CD1444D670}
		{38019954-3B54-4E76-A347-E4CBC7958988} = {AF9DCACE-4CD1-4C91-B679-31CD1444D670}
		{7E1D261A-A9E7-4050-AE0B-F654D61B9ACF} = {19B94B89-5272-4014-A290-B2F725FB962C}
		{BCB37814-7C4E-4B85-A424-21BA670DEA8E} = {7623AEE2-87AD-4EC2-98FC-D56D2BD75F65}
	EndGlobalSection
	GlobalSection(ExtensibilityGlobals) = postSolution
		SolutionGuid = {18A240CB-8847-47F1-8DA8-34AD91C01E9A}
	EndGlobalSection
EndGlobal
